{
  "name": "dragmove",
  "version": "1.0.0",
  "lockfileVersion": 1,
  "requires": true,
  "dependencies": {
    "@babel/helper-module-imports": {
      "version": "7.8.3",
      "resolved": "https://registry.npm.taobao.org/@babel/helper-module-imports/download/@babel/helper-module-imports-7.8.3.tgz",
      "integrity": "sha1-f+OVibOcAWMxtrjD9EHo8LFBlJg=",
      "dev": true,
      "requires": {
        "@babel/types": "7.9.6"
      }
    },
    "@babel/helper-validator-identifier": {
      "version": "7.9.5",
      "resolved": "https://registry.npm.taobao.org/@babel/helper-validator-identifier/download/@babel/helper-validator-identifier-7.9.5.tgz",
      "integrity": "sha1-kJd6jm+/a0MafcMXUu7iM78FLYA=",
      "dev": true
    },
    "@babel/types": {
      "version": "7.9.6",
      "resolved": "https://registry.npm.taobao.org/@babel/types/download/@babel/types-7.9.6.tgz?cache=0&sync_timestamp=1588185770735&other_urls=https%3A%2F%2Fregistry.npm.taobao.org%2F%40babel%2Ftypes%2Fdownload%2F%40babel%2Ftypes-7.9.6.tgz",
      "integrity": "sha1-LFUCtCclHp3hvS3/la3WRtlcyfc=",
      "dev": true,
      "requires": {
        "@babel/helper-validator-identifier": "7.9.5",
        "lodash": "4.17.15",
        "to-fast-properties": "2.0.0"
      }
    },
    "commander": {
      "version": "2.20.3",
      "resolved": "https://registry.npm.taobao.org/commander/download/commander-2.20.3.tgz",
      "integrity": "sha1-/UhehMA+tIgcIHIrpIA16FMa6zM=",
      "dev": true
    },
    "estree-walker": {
      "version": "0.6.1",
      "resolved": "https://registry.npm.taobao.org/estree-walker/download/estree-walker-0.6.1.tgz",
      "integrity": "sha1-UwSRQ/QMbrkYsjZx0f4yGfOhs2I=",
      "dev": true
    },
    "fsevents": {
      "version": "2.1.3",
      "resolved": "https://registry.npm.taobao.org/fsevents/download/fsevents-2.1.3.tgz",
      "integrity": "sha1-+3OHA66NL5/pAMM4Nt3r7ouX8j4=",
      "dev": true,
      "optional": true
    },
    "lodash": {
      "version": "4.17.15",
      "resolved": "https://registry.npm.taobao.org/lodash/download/lodash-4.17.15.tgz?cache=0&other_urls=https%3A%2F%2Fregistry.npm.taobao.org%2Flodash%2Fdownload%2Flodash-4.17.15.tgz",
      "integrity": "sha1-tEf2ZwoEVbv+7dETku/zMOoJdUg=",
      "dev": true
    },
    "rollup": {
      "version": "2.10.7",
      "resolved": "https://registry.npm.taobao.org/rollup/download/rollup-2.10.7.tgz",
      "integrity": "sha1-fRqfqN4UZhWgmINkgN9vizHC8Fg=",
      "dev": true,
      "requires": {
        "fsevents": "2.1.3"
      }
    },
    "rollup-plugin-babel": {
      "version": "4.4.0",
      "resolved": "https://registry.npm.taobao.org/rollup-plugin-babel/download/rollup-plugin-babel-4.4.0.tgz",
      "integrity": "sha1-0VvSWUZqnRrMvbL+L/8XxS0DCss=",
      "dev": true,
      "requires": {
        "@babel/helper-module-imports": "7.8.3",
        "rollup-pluginutils": "2.8.2"
      }
    },
    "rollup-pluginutils": {
      "version": "2.8.2",
      "resolved": "https://registry.npm.taobao.org/rollup-pluginutils/download/rollup-pluginutils-2.8.2.tgz",
      "integrity": "sha1-cvKvB0i1kjZNvTOJ5gDlqURKNR4=",
      "dev": true,
      "requires": {
        "estree-walker": "0.6.1"
      }
    },
    "to-fast-properties": {
      "version": "2.0.0",
      "resolved": "https://registry.npm.taobao.org/to-fast-properties/download/to-fast-properties-2.0.0.tgz",
      "integrity": "sha1-3F5pjL0HkmW8c+A3doGk5Og/YW4=",
      "dev": true
    },
    "uglify-js": {
      "version": "3.9.3",
      "resolved": "https://registry.npm.taobao.org/uglify-js/download/uglify-js-3.9.3.tgz?cache=0&sync_timestamp=1589369586892&other_urls=https%3A%2F%2Fregistry.npm.taobao.org%2Fuglify-js%2Fdownload%2Fuglify-js-3.9.3.tgz",
      "integrity": "sha1-SihdFli4ouuu+eUTZrOg96zXnsI=",
      "dev": true,
      "requires": {
        "commander": "2.20.3"
      }
    }
  }
}
